{
  "requires": true,
  "lockfileVersion": 1,
  "dependencies": {
    "danbyday-palindrome": {
      "version": "0.1.0",
      "resolved": "https://registry.npmjs.org/danbyday-palindrome/-/danbyday-palindrome-0.1.0.tgz",
      "integrity": "sha512-kNpzbaHvUee6W+d5mmV/8swnhS7n07CorRZGlfWgBVFV5MpIF9HVGOulaYu8IqQLN+YxKupaKgvsdn8L3QZdnA=="
    }
  }
}
