{
  "requires": true,
  "lockfileVersion": 1,
  "dependencies": {
    "danbyday-palindrome": {
      "version": "0.2.0",
      "resolved": "https://registry.npmjs.org/danbyday-palindrome/-/danbyday-palindrome-0.2.0.tgz",
      "integrity": "sha512-BtBOTS9Xrf1NB1rGHNDq0vc3aCCtsf3trMoaR+49CqqDV9Ano6XQrHF79kGP0UcUCPHG5++Y+1/1sx4rbFHHEg=="
    }
  }
}
